// !$*UTF8*$!
{
	archiveVersion = 1;
	classes = {
	};
	objectVersion = 46;
	objects = {

/* Begin PBXBuildFile section */
		447FD82D183627CC007AD6F3 /* Foundation.framework in Frameworks */ = {isa = PBXBuildFile; fileRef = 447FD82C183627CC007AD6F3 /* Foundation.framework */; };
		447FD82F183627CC007AD6F3 /* CoreGraphics.framework in Frameworks */ = {isa = PBXBuildFile; fileRef = 447FD82E183627CC007AD6F3 /* CoreGraphics.framework */; };
		447FD831183627CC007AD6F3 /* UIKit.framework in Frameworks */ = {isa = PBXBuildFile; fileRef = 447FD830183627CC007AD6F3 /* UIKit.framework */; };
		447FD837183627CC007AD6F3 /* InfoPlist.strings in Resources */ = {isa = PBXBuildFile; fileRef = 447FD835183627CC007AD6F3 /* InfoPlist.strings */; };
		447FD839183627CC007AD6F3 /* main.m in Sources */ = {isa = PBXBuildFile; fileRef = 447FD838183627CC007AD6F3 /* main.m */; };
		447FD83D183627CC007AD6F3 /* CTAppDelegate.m in Sources */ = {isa = PBXBuildFile; fileRef = 447FD83C183627CC007AD6F3 /* CTAppDelegate.m */; };
		447FD840183627CC007AD6F3 /* Main.storyboard in Resources */ = {isa = PBXBuildFile; fileRef = 447FD83E183627CC007AD6F3 /* Main.storyboard */; };
		447FD843183627CC007AD6F3 /* CTViewController.m in Sources */ = {isa = PBXBuildFile; fileRef = 447FD842183627CC007AD6F3 /* CTViewController.m */; };
		447FD845183627CC007AD6F3 /* Images.xcassets in Resources */ = {isa = PBXBuildFile; fileRef = 447FD844183627CC007AD6F3 /* Images.xcassets */; };
		447FD84C183627CC007AD6F3 /* XCTest.framework in Frameworks */ = {isa = PBXBuildFile; fileRef = 447FD84B183627CC007AD6F3 /* XCTest.framework */; };
		447FD84D183627CC007AD6F3 /* Foundation.framework in Frameworks */ = {isa = PBXBuildFile; fileRef = 447FD82C183627CC007AD6F3 /* Foundation.framework */; };
		447FD84E183627CC007AD6F3 /* UIKit.framework in Frameworks */ = {isa = PBXBuildFile; fileRef = 447FD830183627CC007AD6F3 /* UIKit.framework */; };
		447FD856183627CD007AD6F3 /* InfoPlist.strings in Resources */ = {isa = PBXBuildFile; fileRef = 447FD854183627CD007AD6F3 /* InfoPlist.strings */; };
		447FD858183627CD007AD6F3 /* CartrekTests.m in Sources */ = {isa = PBXBuildFile; fileRef = 447FD857183627CD007AD6F3 /* CartrekTests.m */; };
/* End PBXBuildFile section */

/* Begin PBXContainerItemProxy section */
		447FD84F183627CD007AD6F3 /* PBXContainerItemProxy */ = {
			isa = PBXContainerItemProxy;
			containerPortal = 447FD821183627CC007AD6F3 /* Project object */;
			proxyType = 1;
			remoteGlobalIDString = 447FD828183627CC007AD6F3;
			remoteInfo = Cartrek;
		};
/* End PBXContainerItemProxy section */

/* Begin PBXFileReference section */
		447FD829183627CC007AD6F3 /* Cartrek.app */ = {isa = PBXFileReference; explicitFileType = wrapper.application; includeInIndex = 0; path = Cartrek.app; sourceTree = BUILT_PRODUCTS_DIR; };
		447FD82C183627CC007AD6F3 /* Foundation.framework */ = {isa = PBXFileReference; lastKnownFileType = wrapper.framework; name = Foundation.framework; path = System/Library/Frameworks/Foundation.framework; sourceTree = SDKROOT; };
		447FD82E183627CC007AD6F3 /* CoreGraphics.framework */ = {isa = PBXFileReference; lastKnownFileType = wrapper.framework; name = CoreGraphics.framework; path = System/Library/Frameworks/CoreGraphics.framework; sourceTree = SDKROOT; };
		447FD830183627CC007AD6F3 /* UIKit.framework */ = {isa = PBXFileReference; lastKnownFileType = wrapper.framework; name = UIKit.framework; path = System/Library/Frameworks/UIKit.framework; sourceTree = SDKROOT; };
		447FD834183627CC007AD6F3 /* Cartrek-Info.plist */ = {isa = PBXFileReference; lastKnownFileType = text.plist.xml; path = "Cartrek-Info.plist"; sourceTree = "<group>"; };
		447FD836183627CC007AD6F3 /* en */ = {isa = PBXFileReference; lastKnownFileType = text.plist.strings; name = en; path = en.lproj/InfoPlist.strings; sourceTree = "<group>"; };
		447FD838183627CC007AD6F3 /* main.m */ = {isa = PBXFileReference; lastKnownFileType = sourcecode.c.objc; path = main.m; sourceTree = "<group>"; };
		447FD83A183627CC007AD6F3 /* Cartrek-Prefix.pch */ = {isa = PBXFileReference; lastKnownFileType = sourcecode.c.h; path = "Cartrek-Prefix.pch"; sourceTree = "<group>"; };
		447FD83B183627CC007AD6F3 /* CTAppDelegate.h */ = {isa = PBXFileReference; lastKnownFileType = sourcecode.c.h; path = CTAppDelegate.h; sourceTree = "<group>"; };
		447FD83C183627CC007AD6F3 /* CTAppDelegate.m */ = {isa = PBXFileReference; lastKnownFileType = sourcecode.c.objc; path = CTAppDelegate.m; sourceTree = "<group>"; };
		447FD83F183627CC007AD6F3 /* Base */ = {isa = PBXFileReference; lastKnownFileType = file.storyboard; name = Base; path = Base.lproj/Main.storyboard; sourceTree = "<group>"; };
		447FD841183627CC007AD6F3 /* CTViewController.h */ = {isa = PBXFileReference; lastKnownFileType = sourcecode.c.h; path = CTViewController.h; sourceTree = "<group>"; };
		447FD842183627CC007AD6F3 /* CTViewController.m */ = {isa = PBXFileReference; lastKnownFileType = sourcecode.c.objc; path = CTViewController.m; sourceTree = "<group>"; };
		447FD844183627CC007AD6F3 /* Images.xcassets */ = {isa = PBXFileReference; lastKnownFileType = folder.assetcatalog; path = Images.xcassets; sourceTree = "<group>"; };
		447FD84A183627CC007AD6F3 /* CartrekTests.xctest */ = {isa = PBXFileReference; explicitFileType = wrapper.cfbundle; includeInIndex = 0; path = CartrekTests.xctest; sourceTree = BUILT_PRODUCTS_DIR; };
		447FD84B183627CC007AD6F3 /* XCTest.framework */ = {isa = PBXFileReference; lastKnownFileType = wrapper.framework; name = XCTest.framework; path = Library/Frameworks/XCTest.framework; sourceTree = DEVELOPER_DIR; };
		447FD853183627CD007AD6F3 /* CartrekTests-Info.plist */ = {isa = PBXFileReference; lastKnownFileType = text.plist.xml; path = "CartrekTests-Info.plist"; sourceTree = "<group>"; };
		447FD855183627CD007AD6F3 /* en */ = {isa = PBXFileReference; lastKnownFileType = text.plist.strings; name = en; path = en.lproj/InfoPlist.strings; sourceTree = "<group>"; };
		447FD857183627CD007AD6F3 /* CartrekTests.m */ = {isa = PBXFileReference; lastKnownFileType = sourcecode.c.objc; path = CartrekTests.m; sourceTree = "<group>"; };
/* End PBXFileReference section */

/* Begin PBXFrameworksBuildPhase section */
		447FD826183627CC007AD6F3 /* Frameworks */ = {
			isa = PBXFrameworksBuildPhase;
			buildActionMask = 2147483647;
			files = (
				447FD82F183627CC007AD6F3 /* CoreGraphics.framework in Frameworks */,
				447FD831183627CC007AD6F3 /* UIKit.framework in Frameworks */,
				447FD82D183627CC007AD6F3 /* Foundation.framework in Frameworks */,
			);
			runOnlyForDeploymentPostprocessing = 0;
		};
		447FD847183627CC007AD6F3 /* Frameworks */ = {
			isa = PBXFrameworksBuildPhase;
			buildActionMask = 2147483647;
			files = (
				447FD84C183627CC007AD6F3 /* XCTest.framework in Frameworks */,
				447FD84E183627CC007AD6F3 /* UIKit.framework in Frameworks */,
				447FD84D183627CC007AD6F3 /* Foundation.framework in Frameworks */,
			);
			runOnlyForDeploymentPostprocessing = 0;
		};
/* End PBXFrameworksBuildPhase section */

/* Begin PBXGroup section */
		447FD820183627CC007AD6F3 = {
			isa = PBXGroup;
			children = (
				447FD832183627CC007AD6F3 /* Cartrek */,
				447FD851183627CD007AD6F3 /* CartrekTests */,
				447FD82B183627CC007AD6F3 /* Frameworks */,
				447FD82A183627CC007AD6F3 /* Products */,
			);
			sourceTree = "<group>";
		};
		447FD82A183627CC007AD6F3 /* Products */ = {
			isa = PBXGroup;
			children = (
				447FD829183627CC007AD6F3 /* Cartrek.app */,
				447FD84A183627CC007AD6F3 /* CartrekTests.xctest */,
			);
			name = Products;
			sourceTree = "<group>";
		};
		447FD82B183627CC007AD6F3 /* Frameworks */ = {
			isa = PBXGroup;
			children = (
				447FD82C183627CC007AD6F3 /* Foundation.framework */,
				447FD82E183627CC007AD6F3 /* CoreGraphics.framework */,
				447FD830183627CC007AD6F3 /* UIKit.framework */,
				447FD84B183627CC007AD6F3 /* XCTest.framework */,
			);
			name = Frameworks;
			sourceTree = "<group>";
		};
		447FD832183627CC007AD6F3 /* Cartrek */ = {
			isa = PBXGroup;
			children = (
				447FD83B183627CC007AD6F3 /* CTAppDelegate.h */,
				447FD83C183627CC007AD6F3 /* CTAppDelegate.m */,
				447FD83E183627CC007AD6F3 /* Main.storyboard */,
				447FD841183627CC007AD6F3 /* CTViewController.h */,
				447FD842183627CC007AD6F3 /* CTViewController.m */,
				447FD844183627CC007AD6F3 /* Images.xcassets */,
				447FD833183627CC007AD6F3 /* Supporting Files */,
			);
			path = Cartrek;
			sourceTree = "<group>";
		};
		447FD833183627CC007AD6F3 /* Supporting Files */ = {
			isa = PBXGroup;
			children = (
				447FD834183627CC007AD6F3 /* Cartrek-Info.plist */,
				447FD835183627CC007AD6F3 /* InfoPlist.strings */,
				447FD838183627CC007AD6F3 /* main.m */,
				447FD83A183627CC007AD6F3 /* Cartrek-Prefix.pch */,
			);
			name = "Supporting Files";
			sourceTree = "<group>";
		};
		447FD851183627CD007AD6F3 /* CartrekTests */ = {
			isa = PBXGroup;
			children = (
				447FD857183627CD007AD6F3 /* CartrekTests.m */,
				447FD852183627CD007AD6F3 /* Supporting Files */,
			);
			path = CartrekTests;
			sourceTree = "<group>";
		};
		447FD852183627CD007AD6F3 /* Supporting Files */ = {
			isa = PBXGroup;
			children = (
				447FD853183627CD007AD6F3 /* CartrekTests-Info.plist */,
				447FD854183627CD007AD6F3 /* InfoPlist.strings */,
			);
			name = "Supporting Files";
			sourceTree = "<group>";
		};
/* End PBXGroup section */

/* Begin PBXNativeTarget section */
		447FD828183627CC007AD6F3 /* Cartrek */ = {
			isa = PBXNativeTarget;
			buildConfigurationList = 447FD85B183627CD007AD6F3 /* Build configuration list for PBXNativeTarget "Cartrek" */;
			buildPhases = (
				447FD825183627CC007AD6F3 /* Sources */,
				447FD826183627CC007AD6F3 /* Frameworks */,
				447FD827183627CC007AD6F3 /* Resources */,
			);
			buildRules = (
			);
			dependencies = (
			);
			name = Cartrek;
			productName = Cartrek;
			productReference = 447FD829183627CC007AD6F3 /* Cartrek.app */;
			productType = "com.apple.product-type.application";
		};
		447FD849183627CC007AD6F3 /* CartrekTests */ = {
			isa = PBXNativeTarget;
			buildConfigurationList = 447FD85E183627CD007AD6F3 /* Build configuration list for PBXNativeTarget "CartrekTests" */;
			buildPhases = (
				447FD846183627CC007AD6F3 /* Sources */,
				447FD847183627CC007AD6F3 /* Frameworks */,
				447FD848183627CC007AD6F3 /* Resources */,
			);
			buildRules = (
			);
			dependencies = (
				447FD850183627CD007AD6F3 /* PBXTargetDependency */,
			);
			name = CartrekTests;
			productName = CartrekTests;
			productReference = 447FD84A183627CC007AD6F3 /* CartrekTests.xctest */;
			productType = "com.apple.product-type.bundle.unit-test";
		};
/* End PBXNativeTarget section */

/* Begin PBXProject section */
		447FD821183627CC007AD6F3 /* Project object */ = {
			isa = PBXProject;
			attributes = {
				CLASSPREFIX = CT;
				LastUpgradeCheck = 0500;
				ORGANIZATIONNAME = Fortyfour;
				TargetAttributes = {
					447FD849183627CC007AD6F3 = {
						TestTargetID = 447FD828183627CC007AD6F3;
					};
				};
			};
			buildConfigurationList = 447FD824183627CC007AD6F3 /* Build configuration list for PBXProject "Cartrek" */;
			compatibilityVersion = "Xcode 3.2";
			developmentRegion = English;
			hasScannedForEncodings = 0;
			knownRegions = (
				en,
				Base,
			);
			mainGroup = 447FD820183627CC007AD6F3;
			productRefGroup = 447FD82A183627CC007AD6F3 /* Products */;
			projectDirPath = "";
			projectRoot = "";
			targets = (
				447FD828183627CC007AD6F3 /* Cartrek */,
				447FD849183627CC007AD6F3 /* CartrekTests */,
			);
		};
/* End PBXProject section */

/* Begin PBXResourcesBuildPhase section */
		447FD827183627CC007AD6F3 /* Resources */ = {
			isa = PBXResourcesBuildPhase;
			buildActionMask = 2147483647;
			files = (
				447FD845183627CC007AD6F3 /* Images.xcassets in Resources */,
				447FD837183627CC007AD6F3 /* InfoPlist.strings in Resources */,
				447FD840183627CC007AD6F3 /* Main.storyboard in Resources */,
			);
			runOnlyForDeploymentPostprocessing = 0;
		};
		447FD848183627CC007AD6F3 /* Resources */ = {
			isa = PBXResourcesBuildPhase;
			buildActionMask = 2147483647;
			files = (
				447FD856183627CD007AD6F3 /* InfoPlist.strings in Resources */,
			);
			runOnlyForDeploymentPostprocessing = 0;
		};
/* End PBXResourcesBuildPhase section */

/* Begin PBXSourcesBuildPhase section */
		447FD825183627CC007AD6F3 /* Sources */ = {
			isa = PBXSourcesBuildPhase;
			buildActionMask = 2147483647;
			files = (
				447FD839183627CC007AD6F3 /* main.m in Sources */,
				447FD83D183627CC007AD6F3 /* CTAppDelegate.m in Sources */,
				447FD843183627CC007AD6F3 /* CTViewController.m in Sources */,
			);
			runOnlyForDeploymentPostprocessing = 0;
		};
		447FD846183627CC007AD6F3 /* Sources */ = {
			isa = PBXSourcesBuildPhase;
			buildActionMask = 2147483647;
			files = (
				447FD858183627CD007AD6F3 /* CartrekTests.m in Sources */,
			);
			runOnlyForDeploymentPostprocessing = 0;
		};
/* End PBXSourcesBuildPhase section */

/* Begin PBXTargetDependency section */
		447FD850183627CD007AD6F3 /* PBXTargetDependency */ = {
			isa = PBXTargetDependency;
			target = 447FD828183627CC007AD6F3 /* Cartrek */;
			targetProxy = 447FD84F183627CD007AD6F3 /* PBXContainerItemProxy */;
		};
/* End PBXTargetDependency section */

/* Begin PBXVariantGroup section */
		447FD835183627CC007AD6F3 /* InfoPlist.strings */ = {
			isa = PBXVariantGroup;
			children = (
				447FD836183627CC007AD6F3 /* en */,
			);
			name = InfoPlist.strings;
			sourceTree = "<group>";
		};
		447FD83E183627CC007AD6F3 /* Main.storyboard */ = {
			isa = PBXVariantGroup;
			children = (
				447FD83F183627CC007AD6F3 /* Base */,
			);
			name = Main.storyboard;
			sourceTree = "<group>";
		};
		447FD854183627CD007AD6F3 /* InfoPlist.strings */ = {
			isa = PBXVariantGroup;
			children = (
				447FD855183627CD007AD6F3 /* en */,
			);
			name = InfoPlist.strings;
			sourceTree = "<group>";
		};
/* End PBXVariantGroup section */

/* Begin XCBuildConfiguration section */
		447FD859183627CD007AD6F3 /* Debug */ = {
			isa = XCBuildConfiguration;
			buildSettings = {
				ALWAYS_SEARCH_USER_PATHS = NO;
				ARCHS = "$(ARCHS_STANDARD_INCLUDING_64_BIT)";
				CLANG_CXX_LANGUAGE_STANDARD = "gnu++0x";
				CLANG_CXX_LIBRARY = "libc++";
				CLANG_ENABLE_MODULES = YES;
				CLANG_ENABLE_OBJC_ARC = YES;
				CLANG_WARN_BOOL_CONVERSION = YES;
				CLANG_WARN_CONSTANT_CONVERSION = YES;
				CLANG_WARN_DIRECT_OBJC_ISA_USAGE = YES_ERROR;
				CLANG_WARN_EMPTY_BODY = YES;
				CLANG_WARN_ENUM_CONVERSION = YES;
				CLANG_WARN_INT_CONVERSION = YES;
				CLANG_WARN_OBJC_ROOT_CLASS = YES_ERROR;
				CLANG_WARN__DUPLICATE_METHOD_MATCH = YES;
				"CODE_SIGN_IDENTITY[sdk=iphoneos*]" = "iPhone Developer";
				COPY_PHASE_STRIP = NO;
				GCC_C_LANGUAGE_STANDARD = gnu99;
				GCC_DYNAMIC_NO_PIC = NO;
				GCC_OPTIMIZATION_LEVEL = 0;
				GCC_PREPROCESSOR_DEFINITIONS = (
					"DEBUG=1",
					"$(inherited)",
				);
				GCC_SYMBOLS_PRIVATE_EXTERN = NO;
				GCC_WARN_64_TO_32_BIT_CONVERSION = YES;
				GCC_WARN_ABOUT_RETURN_TYPE = YES_ERROR;
				GCC_WARN_UNDECLARED_SELECTOR = YES;
				GCC_WARN_UNINITIALIZED_AUTOS = YES;
				GCC_WARN_UNUSED_FUNCTION = YES;
				GCC_WARN_UNUSED_VARIABLE = YES;
				IPHONEOS_DEPLOYMENT_TARGET = 7.0;
				ONLY_ACTIVE_ARCH = YES;
				SDKROOT = iphoneos;
			};
			name = Debug;
		};
		447FD85A183627CD007AD6F3 /* Release */ = {
			isa = XCBuildConfiguration;
			buildSettings = {
				ALWAYS_SEARCH_USER_PATHS = NO;
				ARCHS = "$(ARCHS_STANDARD_INCLUDING_64_BIT)";
				CLANG_CXX_LANGUAGE_STANDARD = "gnu++0x";
				CLANG_CXX_LIBRARY = "libc++";
				CLANG_ENABLE_MODULES = YES;
				CLANG_ENABLE_OBJC_ARC = YES;
				CLANG_WARN_BOOL_CONVERSION = YES;
				CLANG_WARN_CONSTANT_CONVERSION = YES;
				CLANG_WARN_DIRECT_OBJC_ISA_USAGE = YES_ERROR;
				CLANG_WARN_EMPTY_BODY = YES;
				CLANG_WARN_ENUM_CONVERSION = YES;
				CLANG_WARN_INT_CONVERSION = YES;
				CLANG_WARN_OBJC_ROOT_CLASS = YES_ERROR;
				CLANG_WARN__DUPLICATE_METHOD_MATCH = YES;
				"CODE_SIGN_IDENTITY[sdk=iphoneos*]" = "iPhone Developer";
				COPY_PHASE_STRIP = YES;
				ENABLE_NS_ASSERTIONS = NO;
				GCC_C_LANGUAGE_STANDARD = gnu99;
				GCC_WARN_64_TO_32_BIT_CONVERSION = YES;
				GCC_WARN_ABOUT_RETURN_TYPE = YES_ERROR;
				GCC_WARN_UNDECLARED_SELECTOR = YES;
				GCC_WARN_UNINITIALIZED_AUTOS = YES;
				GCC_WARN_UNUSED_FUNCTION = YES;
				GCC_WARN_UNUSED_VARIABLE = YES;
				IPHONEOS_DEPLOYMENT_TARGET = 7.0;
				SDKROOT = iphoneos;
				VALIDATE_PRODUCT = YES;
			};
			name = Release;
		};
		447FD85C183627CD007AD6F3 /* Debug */ = {
			isa = XCBuildConfiguration;
			buildSettings = {
				ASSETCATALOG_COMPILER_APPICON_NAME = AppIcon;
				ASSETCATALOG_COMPILER_LAUNCHIMAGE_NAME = LaunchImage;
				GCC_PRECOMPILE_PREFIX_HEADER = YES;
				GCC_PREFIX_HEADER = "Cartrek/Cartrek-Prefix.pch";
				INFOPLIST_FILE = "Cartrek/Cartrek-Info.plist";
				PRODUCT_NAME = "$(TARGET_NAME)";
				WRAPPER_EXTENSION = app;
			};
			name = Debug;
		};
		447FD85D183627CD007AD6F3 /* Release */ = {
			isa = XCBuildConfiguration;
			buildSettings = {
				ASSETCATALOG_COMPILER_APPICON_NAME = AppIcon;
				ASSETCATALOG_COMPILER_LAUNCHIMAGE_NAME = LaunchImage;
				GCC_PRECOMPILE_PREFIX_HEADER = YES;
				GCC_PREFIX_HEADER = "Cartrek/Cartrek-Prefix.pch";
				INFOPLIST_FILE = "Cartrek/Cartrek-Info.plist";
				PRODUCT_NAME = "$(TARGET_NAME)";
				WRAPPER_EXTENSION = app;
			};
			name = Release;
		};
		447FD85F183627CD007AD6F3 /* Debug */ = {
			isa = XCBuildConfiguration;
			buildSettings = {
				ARCHS = "$(ARCHS_STANDARD_INCLUDING_64_BIT)";
				BUNDLE_LOADER = "$(BUILT_PRODUCTS_DIR)/Cartrek.app/Cartrek";
				FRAMEWORK_SEARCH_PATHS = (
					"$(SDKROOT)/Developer/Library/Frameworks",
					"$(inherited)",
					"$(DEVELOPER_FRAMEWORKS_DIR)",
				);
				GCC_PRECOMPILE_PREFIX_HEADER = YES;
				GCC_PREFIX_HEADER = "Cartrek/Cartrek-Prefix.pch";
				GCC_PREPROCESSOR_DEFINITIONS = (
					"DEBUG=1",
					"$(inherited)",
				);
				INFOPLIST_FILE = "CartrekTests/CartrekTests-Info.plist";
				PRODUCT_NAME = "$(TARGET_NAME)";
				TEST_HOST = "$(BUNDLE_LOADER)";
				WRAPPER_EXTENSION = xctest;
			};
			name = Debug;
		};
		447FD860183627CD007AD6F3 /* Release */ = {
			isa = XCBuildConfiguration;
			buildSettings = {
				ARCHS = "$(ARCHS_STANDARD_INCLUDING_64_BIT)";
				BUNDLE_LOADER = "$(BUILT_PRODUCTS_DIR)/Cartrek.app/Cartrek";
				FRAMEWORK_SEARCH_PATHS = (
					"$(SDKROOT)/Developer/Library/Frameworks",
					"$(inherited)",
					"$(DEVELOPER_FRAMEWORKS_DIR)",
				);
				GCC_PRECOMPILE_PREFIX_HEADER = YES;
				GCC_PREFIX_HEADER = "Cartrek/Cartrek-Prefix.pch";
				INFOPLIST_FILE = "CartrekTests/CartrekTests-Info.plist";
				PRODUCT_NAME = "$(TARGET_NAME)";
				TEST_HOST = "$(BUNDLE_LOADER)";
				WRAPPER_EXTENSION = xctest;
			};
			name = Release;
		};
/* End XCBuildConfiguration section */

/* Begin XCConfigurationList section */
		447FD824183627CC007AD6F3 /* Build configuration list for PBXProject "Cartrek" */ = {
			isa = XCConfigurationList;
			buildConfigurations = (
				447FD859183627CD007AD6F3 /* Debug */,
				447FD85A183627CD007AD6F3 /* Release */,
			);
			defaultConfigurationIsVisible = 0;
			defaultConfigurationName = Release;
		};
		447FD85B183627CD007AD6F3 /* Build configuration list for PBXNativeTarget "Cartrek" */ = {
			isa = XCConfigurationList;
			buildConfigurations = (
				447FD85C183627CD007AD6F3 /* Debug */,
				447FD85D183627CD007AD6F3 /* Release */,
			);
			defaultConfigurationIsVisible = 0;
		};
		447FD85E183627CD007AD6F3 /* Build configuration list for PBXNativeTarget "CartrekTests" */ = {
			isa = XCConfigurationList;
			buildConfigurations = (
				447FD85F183627CD007AD6F3 /* Debug */,
				447FD860183627CD007AD6F3 /* Release */,
			);
			defaultConfigurationIsVisible = 0;
		};
/* End XCConfigurationList section */
	};
	rootObject = 447FD821183627CC007AD6F3 /* Project object */;
}
